
Microsoft Visual Studio Solution File, Format Version 12.00
# Visual Studio Version 17
VisualStudioVersion = 17.4.33205.214
MinimumVisualStudioVersion = 10.0.40219.1
Project("{888888A0-9F3D-457C-B088-3A5042F75D52}") = "update_num", "update_num.pyproj", "{84AE9BF5-8161-419C-BD02-BF7257B31C3B}"
EndProject
Global
	GlobalSection(SolutionConfigurationPlatforms) = preSolution
		Debug|Any CPU = Debug|Any CPU
		Release|Any CPU = Release|Any CPU
	EndGlobalSection
	GlobalSection(ProjectConfigurationPlatforms) = postSolution
		{84AE9BF5-8161-419C-BD02-BF7257B31C3B}.Debug|Any CPU.ActiveCfg = Debug|Any CPU
		{84AE9BF5-8161-419C-BD02-BF7257B31C3B}.Release|Any CPU.ActiveCfg = Release|Any CPU
	EndGlobalSection
	GlobalSection(SolutionProperties) = preSolution
		HideSolutionNode = FALSE
	EndGlobalSection
	GlobalSection(ExtensibilityGlobals) = postSolution
		SolutionGuid = {4E2914CC-CB8D-43E7-BD80-BDB25AC1BF76}
	EndGlobalSection
EndGlobal
